
Microsoft Visual Studio Solution File, Format Version 12.00
# Visual Studio 14
VisualStudioVersion = 14.0.25123.0
MinimumVisualStudioVersion = 10.0.40219.1
Project("{2150E333-8FDC-42A3-9474-1A3956D46DE8}") = "SQL_Scripts", "SQL_Scripts", "{290642A0-E75B-4A2A-B060-FDB4D4E6B245}"
EndProject
Project("{2150E333-8FDC-42A3-9474-1A3956D46DE8}") = "Base", "Base", "{02D3ECC1-C633-4392-BAA1-CC73624C4EC6}"
	ProjectSection(SolutionItems) = preProject
		Structure.sql = Structure.sql
	EndProjectSection
EndProject
Project("{FAE04EC0-301F-11D3-BF4B-00C04F79EFBC}") = "CommercialNetwork.Core", "CommercialNetwork.Core\CommercialNetwork.Core.csproj", "{55FD81B7-DBFB-4CDE-8FBE-EA634BD734F8}"
EndProject
Project("{FAE04EC0-301F-11D3-BF4B-00C04F79EFBC}") = "CommercialNetwork.Models", "CommercialNetwork.Models\CommercialNetwork.Models.csproj", "{782B3B2B-69C9-4858-A3F0-FE1795B1ED29}"
EndProject
Project("{FAE04EC0-301F-11D3-BF4B-00C04F79EFBC}") = "CommercialNetwork.Web", "CommercialNetwork.Web\CommercialNetwork.Web.csproj", "{921046E2-2DB3-45AB-B96C-90DD22FBB18E}"
EndProject
Global
	GlobalSection(SolutionConfigurationPlatforms) = preSolution
		Debug|Any CPU = Debug|Any CPU
		Release|Any CPU = Release|Any CPU
	EndGlobalSection
	GlobalSection(ProjectConfigurationPlatforms) = postSolution
		{55FD81B7-DBFB-4CDE-8FBE-EA634BD734F8}.Debug|Any CPU.ActiveCfg = Debug|Any CPU
		{55FD81B7-DBFB-4CDE-8FBE-EA634BD734F8}.Debug|Any CPU.Build.0 = Debug|Any CPU
		{55FD81B7-DBFB-4CDE-8FBE-EA634BD734F8}.Release|Any CPU.ActiveCfg = Release|Any CPU
		{55FD81B7-DBFB-4CDE-8FBE-EA634BD734F8}.Release|Any CPU.Build.0 = Release|Any CPU
		{782B3B2B-69C9-4858-A3F0-FE1795B1ED29}.Debug|Any CPU.ActiveCfg = Debug|Any CPU
		{782B3B2B-69C9-4858-A3F0-FE1795B1ED29}.Debug|Any CPU.Build.0 = Debug|Any CPU
		{782B3B2B-69C9-4858-A3F0-FE1795B1ED29}.Release|Any CPU.ActiveCfg = Release|Any CPU
		{782B3B2B-69C9-4858-A3F0-FE1795B1ED29}.Release|Any CPU.Build.0 = Release|Any CPU
		{921046E2-2DB3-45AB-B96C-90DD22FBB18E}.Debug|Any CPU.ActiveCfg = Debug|Any CPU
		{921046E2-2DB3-45AB-B96C-90DD22FBB18E}.Debug|Any CPU.Build.0 = Debug|Any CPU
		{921046E2-2DB3-45AB-B96C-90DD22FBB18E}.Release|Any CPU.ActiveCfg = Release|Any CPU
		{921046E2-2DB3-45AB-B96C-90DD22FBB18E}.Release|Any CPU.Build.0 = Release|Any CPU
	EndGlobalSection
	GlobalSection(SolutionProperties) = preSolution
		HideSolutionNode = FALSE
	EndGlobalSection
	GlobalSection(NestedProjects) = preSolution
		{02D3ECC1-C633-4392-BAA1-CC73624C4EC6} = {290642A0-E75B-4A2A-B060-FDB4D4E6B245}
	EndGlobalSection
EndGlobal
